<?xml version="1.0" encoding="utf-8"?>
<Project ToolsVersion="4.0" xmlns="http://schemas.microsoft.com/developer/msbuild/2003">
  <ItemGroup>
    <ClCompile Include="MelotonClient.cpp" />
    <ClCompile Include="..\source\MasterConnector.cpp">
      <Filter>source</Filter>
    </ClCompile>
    <ClCompile Include="..\source\MasterSession.cpp">
      <Filter>source</Filter>
    </ClCompile>
    <ClCompile Include="..\message\MessageAlive.pb.cc">
      <Filter>message</Filter>
    </ClCompile>
    <ClCompile Include="..\message\MessageBlockAccept.pb.cc">
      <Filter>message</Filter>
    </ClCompile>
    <ClCompile Include="..\message\MessageBlockData.pb.cc">
      <Filter>message</Filter>
    </ClCompile>
    <ClCompile Include="..\message\MessageBlockList.pb.cc">
      <Filter>message</Filter>
    </ClCompile>
    <ClCompile Include="..\message\MessageBlockMeta.pb.cc">
      <Filter>message</Filter>
    </ClCompile>
    <ClCompile Include="..\message\MessageError.pb.cc">
      <Filter>message</Filter>
    </ClCompile>
    <ClCompile Include="..\message\MessageOpenACK.pb.cc">
      <Filter>message</Filter>
    </ClCompile>
    <ClCompile Include="..\message\MessageOpenFile.pb.cc">
      <Filter>message</Filter>
    </ClCompile>
    <ClCompile Include="..\message\MessagePrepareRead.pb.cc">
      <Filter>message</Filter>
    </ClCompile>
    <ClCompile Include="..\message\MessagePrepareReadACK.pb.cc">
      <Filter>message</Filter>
    </ClCompile>
    <ClCompile Include="..\message\MessagePrepareWrite.pb.cc">
      <Filter>message</Filter>
    </ClCompile>
    <ClCompile Include="..\message\MessagePrepareWriteACK.pb.cc">
      <Filter>message</Filter>
    </ClCompile>
    <ClCompile Include="..\message\MessageRead.pb.cc">
      <Filter>message</Filter>
    </ClCompile>
    <ClCompile Include="..\message\MessageReadBlock.pb.cc">
      <Filter>message</Filter>
    </ClCompile>
    <ClCompile Include="..\message\MessageSyncBlock.pb.cc">
      <Filter>message</Filter>
    </ClCompile>
    <ClCompile Include="..\message\MessageWrite.pb.cc">
      <Filter>message</Filter>
    </ClCompile>
    <ClCompile Include="..\source\MelotonSession.cpp">
      <Filter>source</Filter>
    </ClCompile>
    <ClCompile Include="..\source\Parameter.cpp">
      <Filter>source</Filter>
    </ClCompile>
    <ClCompile Include="..\source\NodeConnector.cpp">
      <Filter>source</Filter>
    </ClCompile>
  </ItemGroup>
  <ItemGroup>
    <Filter Include="include">
      <UniqueIdentifier>{e92fa8e6-f8f4-495f-aee5-a109dfb4b081}</UniqueIdentifier>
    </Filter>
    <Filter Include="source">
      <UniqueIdentifier>{a9795743-e076-4b2e-95d0-06ecd664253a}</UniqueIdentifier>
    </Filter>
    <Filter Include="message">
      <UniqueIdentifier>{0730b3b4-cbb7-4fde-8512-d298368042ad}</UniqueIdentifier>
    </Filter>
    <Filter Include="handler">
      <UniqueIdentifier>{34361b56-ca19-4d10-b333-864d579ff0eb}</UniqueIdentifier>
    </Filter>
  </ItemGroup>
  <ItemGroup>
    <ClInclude Include="..\include\MasterConnector.h">
      <Filter>include</Filter>
    </ClInclude>
    <ClInclude Include="..\include\MasterSession.h">
      <Filter>include</Filter>
    </ClInclude>
    <ClInclude Include="..\handler\MessageAliveHandler.h">
      <Filter>handler</Filter>
    </ClInclude>
    <ClInclude Include="..\handler\MessageBlockAcceptHandler.h">
      <Filter>handler</Filter>
    </ClInclude>
    <ClInclude Include="..\handler\MessageBlockDataHandler.h">
      <Filter>handler</Filter>
    </ClInclude>
    <ClInclude Include="..\handler\MessageBlockListHandler.h">
      <Filter>handler</Filter>
    </ClInclude>
    <ClInclude Include="..\handler\MessageBlockMetaHandler.h">
      <Filter>handler</Filter>
    </ClInclude>
    <ClInclude Include="..\handler\MessageErrorHandler.h">
      <Filter>handler</Filter>
    </ClInclude>
    <ClInclude Include="..\handler\MessageHub.h">
      <Filter>handler</Filter>
    </ClInclude>
    <ClInclude Include="..\handler\MessageOpenACKHandler.h">
      <Filter>handler</Filter>
    </ClInclude>
    <ClInclude Include="..\handler\MessageOpenFileHandler.h">
      <Filter>handler</Filter>
    </ClInclude>
    <ClInclude Include="..\handler\MessagePrepareReadACKHandler.h">
      <Filter>handler</Filter>
    </ClInclude>
    <ClInclude Include="..\handler\MessagePrepareReadHandler.h">
      <Filter>handler</Filter>
    </ClInclude>
    <ClInclude Include="..\handler\MessagePrepareWriteACKHandler.h">
      <Filter>handler</Filter>
    </ClInclude>
    <ClInclude Include="..\handler\MessagePrepareWriteHandler.h">
      <Filter>handler</Filter>
    </ClInclude>
    <ClInclude Include="..\handler\MessageReadBlockHandler.h">
      <Filter>handler</Filter>
    </ClInclude>
    <ClInclude Include="..\handler\MessageReadHandler.h">
      <Filter>handler</Filter>
    </ClInclude>
    <ClInclude Include="..\handler\MessageSyncBlockHandler.h">
      <Filter>handler</Filter>
    </ClInclude>
    <ClInclude Include="..\handler\MessageWriteHandler.h">
      <Filter>handler</Filter>
    </ClInclude>
    <ClInclude Include="..\message\MessageAlive.pb.h">
      <Filter>message</Filter>
    </ClInclude>
    <ClInclude Include="..\message\MessageBlockAccept.pb.h">
      <Filter>message</Filter>
    </ClInclude>
    <ClInclude Include="..\message\MessageBlockData.pb.h">
      <Filter>message</Filter>
    </ClInclude>
    <ClInclude Include="..\message\MessageBlockList.pb.h">
      <Filter>message</Filter>
    </ClInclude>
    <ClInclude Include="..\message\MessageBlockMeta.pb.h">
      <Filter>message</Filter>
    </ClInclude>
    <ClInclude Include="..\message\MessageError.pb.h">
      <Filter>message</Filter>
    </ClInclude>
    <ClInclude Include="..\message\MessageOpenACK.pb.h">
      <Filter>message</Filter>
    </ClInclude>
    <ClInclude Include="..\message\MessageOpenFile.pb.h">
      <Filter>message</Filter>
    </ClInclude>
    <ClInclude Include="..\message\MessagePrepareRead.pb.h">
      <Filter>message</Filter>
    </ClInclude>
    <ClInclude Include="..\message\MessagePrepareReadACK.pb.h">
      <Filter>message</Filter>
    </ClInclude>
    <ClInclude Include="..\message\MessagePrepareWrite.pb.h">
      <Filter>message</Filter>
    </ClInclude>
    <ClInclude Include="..\message\MessagePrepareWriteACK.pb.h">
      <Filter>message</Filter>
    </ClInclude>
    <ClInclude Include="..\message\MessageRead.pb.h">
      <Filter>message</Filter>
    </ClInclude>
    <ClInclude Include="..\message\MessageReadBlock.pb.h">
      <Filter>message</Filter>
    </ClInclude>
    <ClInclude Include="..\message\MessageSyncBlock.pb.h">
      <Filter>message</Filter>
    </ClInclude>
    <ClInclude Include="..\message\MessageWrite.pb.h">
      <Filter>message</Filter>
    </ClInclude>
    <ClInclude Include="..\include\MelotonSession.h">
      <Filter>include</Filter>
    </ClInclude>
    <ClInclude Include="..\include\Parameter.h">
      <Filter>include</Filter>
    </ClInclude>
    <ClInclude Include="..\include\NodeConnector.h">
      <Filter>include</Filter>
    </ClInclude>
    <ClInclude Include="..\include\Settings.h">
      <Filter>include</Filter>
    </ClInclude>
  </ItemGroup>
</Project>